
Microsoft Visual Studio Solution File, Format Version 12.00
# Visual Studio Version 17
VisualStudioVersion = 17.5.002.0
MinimumVisualStudioVersion = 10.0.40219.1
Project("{9A19103F-16F7-4668-BE54-9A1E7A4F7556}") = "ejercicio 1", "ejercicio 1.csproj", "{3D444C5F-AC11-43DE-B691-0F425A20E0CF}"
EndProject
Global
	GlobalSection(SolutionConfigurationPlatforms) = preSolution
		Debug|Any CPU = Debug|Any CPU
		Release|Any CPU = Release|Any CPU
	EndGlobalSection
	GlobalSection(ProjectConfigurationPlatforms) = postSolution
		{3D444C5F-AC11-43DE-B691-0F425A20E0CF}.Debug|Any CPU.ActiveCfg = Debug|Any CPU
		{3D444C5F-AC11-43DE-B691-0F425A20E0CF}.Debug|Any CPU.Build.0 = Debug|Any CPU
		{3D444C5F-AC11-43DE-B691-0F425A20E0CF}.Release|Any CPU.ActiveCfg = Release|Any CPU
		{3D444C5F-AC11-43DE-B691-0F425A20E0CF}.Release|Any CPU.Build.0 = Release|Any CPU
	EndGlobalSection
	GlobalSection(SolutionProperties) = preSolution
		HideSolutionNode = FALSE
	EndGlobalSection
	GlobalSection(ExtensibilityGlobals) = postSolution
		SolutionGuid = {7F94CE5B-6C64-4CC2-8B32-37262565ACD1}
	EndGlobalSection
EndGlobal
